
Microsoft Visual Studio Solution File, Format Version 12.00
# Visual Studio Version 17
VisualStudioVersion = 17.1.32414.318
MinimumVisualStudioVersion = 10.0.40219.1
Project("{FAE04EC0-301F-11D3-BF4B-00C04F79EFBC}") = "MainForm", "MainForm\MainForm.csproj", "{FEDD629C-08B9-4E31-AEAD-A86335D8BDA6}"
EndProject
Global
	GlobalSection(SolutionConfigurationPlatforms) = preSolution
		Debug|Any CPU = Debug|Any CPU
		Release|Any CPU = Release|Any CPU
	EndGlobalSection
	GlobalSection(ProjectConfigurationPlatforms) = postSolution
		{FEDD629C-08B9-4E31-AEAD-A86335D8BDA6}.Debug|Any CPU.ActiveCfg = Debug|Any CPU
		{FEDD629C-08B9-4E31-AEAD-A86335D8BDA6}.Debug|Any CPU.Build.0 = Debug|Any CPU
		{FEDD629C-08B9-4E31-AEAD-A86335D8BDA6}.Release|Any CPU.ActiveCfg = Release|Any CPU
		{FEDD629C-08B9-4E31-AEAD-A86335D8BDA6}.Release|Any CPU.Build.0 = Release|Any CPU
	EndGlobalSection
	GlobalSection(SolutionProperties) = preSolution
		HideSolutionNode = FALSE
	EndGlobalSection
	GlobalSection(ExtensibilityGlobals) = postSolution
		SolutionGuid = {F49CF5E8-1F9E-4881-8A12-4F6457C878F7}
	EndGlobalSection
EndGlobal
